// !$*UTF8*$!
{
	archiveVersion = 1;
	classes = {
	};
	objectVersion = 55;
	objects = {

/* Begin PBXBuildFile section */
		028B223E288E97FA009E708F /* SegmentedControll.swift in Sources */ = {isa = PBXBuildFile; fileRef = 028B223D288E97FA009E708F /* SegmentedControll.swift */; };
		02A07E5D288BFF3200B955A6 /* WeatherApp.swift in Sources */ = {isa = PBXBuildFile; fileRef = 02A07E5C288BFF3200B955A6 /* WeatherApp.swift */; };
		02A07E5F288BFF3200B955A6 /* ContentView.swift in Sources */ = {isa = PBXBuildFile; fileRef = 02A07E5E288BFF3200B955A6 /* ContentView.swift */; };
		02A07E61288BFF3300B955A6 /* Assets.xcassets in Resources */ = {isa = PBXBuildFile; fileRef = 02A07E60288BFF3300B955A6 /* Assets.xcassets */; };
		02A07E64288BFF3300B955A6 /* Preview Assets.xcassets in Resources */ = {isa = PBXBuildFile; fileRef = 02A07E63288BFF3300B955A6 /* Preview Assets.xcassets */; };
		02A07E72288C013A00B955A6 /* Extentions.swift in Sources */ = {isa = PBXBuildFile; fileRef = 02A07E71288C013A00B955A6 /* Extentions.swift */; };
		02A07E74288C061E00B955A6 /* HomeView.swift in Sources */ = {isa = PBXBuildFile; fileRef = 02A07E73288C061E00B955A6 /* HomeView.swift */; };
		02A17530288C20B5008F849B /* TabBar.swift in Sources */ = {isa = PBXBuildFile; fileRef = 02A1752F288C20B5008F849B /* TabBar.swift */; };
		02A17532288C2556008F849B /* Shapes.swift in Sources */ = {isa = PBXBuildFile; fileRef = 02A17531288C2556008F849B /* Shapes.swift */; };
		02A17535288C42A2008F849B /* BottomSheet in Frameworks */ = {isa = PBXBuildFile; productRef = 02A17534288C42A2008F849B /* BottomSheet */; };
		02A17537288C45C5008F849B /* ForecastView.swift in Sources */ = {isa = PBXBuildFile; fileRef = 02A17536288C45C5008F849B /* ForecastView.swift */; };
		02A17539288C519E008F849B /* Blur.swift in Sources */ = {isa = PBXBuildFile; fileRef = 02A17538288C519E008F849B /* Blur.swift */; };
		1CE91C61CF1957A87F78A51B /* Pods_Weather.framework in Frameworks */ = {isa = PBXBuildFile; fileRef = FDA839AE3410104D082C9ED9 /* Pods_Weather.framework */; };
/* End PBXBuildFile section */

/* Begin PBXFileReference section */
		028B223D288E97FA009E708F /* SegmentedControll.swift */ = {isa = PBXFileReference; lastKnownFileType = sourcecode.swift; path = SegmentedControll.swift; sourceTree = "<group>"; };
		02A07E59288BFF3200B955A6 /* Weather.app */ = {isa = PBXFileReference; explicitFileType = wrapper.application; includeInIndex = 0; path = Weather.app; sourceTree = BUILT_PRODUCTS_DIR; };
		02A07E5C288BFF3200B955A6 /* WeatherApp.swift */ = {isa = PBXFileReference; lastKnownFileType = sourcecode.swift; path = WeatherApp.swift; sourceTree = "<group>"; };
		02A07E5E288BFF3200B955A6 /* ContentView.swift */ = {isa = PBXFileReference; lastKnownFileType = sourcecode.swift; path = ContentView.swift; sourceTree = "<group>"; };
		02A07E60288BFF3300B955A6 /* Assets.xcassets */ = {isa = PBXFileReference; lastKnownFileType = folder.assetcatalog; path = Assets.xcassets; sourceTree = "<group>"; };
		02A07E63288BFF3300B955A6 /* Preview Assets.xcassets */ = {isa = PBXFileReference; lastKnownFileType = folder.assetcatalog; path = "Preview Assets.xcassets"; sourceTree = "<group>"; };
		02A07E71288C013A00B955A6 /* Extentions.swift */ = {isa = PBXFileReference; lastKnownFileType = sourcecode.swift; path = Extentions.swift; sourceTree = "<group>"; };
		02A07E73288C061E00B955A6 /* HomeView.swift */ = {isa = PBXFileReference; lastKnownFileType = sourcecode.swift; path = HomeView.swift; sourceTree = "<group>"; };
		02A1752F288C20B5008F849B /* TabBar.swift */ = {isa = PBXFileReference; lastKnownFileType = sourcecode.swift; path = TabBar.swift; sourceTree = "<group>"; };
		02A17531288C2556008F849B /* Shapes.swift */ = {isa = PBXFileReference; lastKnownFileType = sourcecode.swift; path = Shapes.swift; sourceTree = "<group>"; };
		02A17536288C45C5008F849B /* ForecastView.swift */ = {isa = PBXFileReference; lastKnownFileType = sourcecode.swift; path = ForecastView.swift; sourceTree = "<group>"; };
		02A17538288C519E008F849B /* Blur.swift */ = {isa = PBXFileReference; lastKnownFileType = sourcecode.swift; path = Blur.swift; sourceTree = "<group>"; };
		48E7CF4981D39B4EC07BA714 /* Pods-Weather.release.xcconfig */ = {isa = PBXFileReference; includeInIndex = 1; lastKnownFileType = text.xcconfig; name = "Pods-Weather.release.xcconfig"; path = "Target Support Files/Pods-Weather/Pods-Weather.release.xcconfig"; sourceTree = "<group>"; };
		F922645473D80CEA2AF65A85 /* Pods-Weather.debug.xcconfig */ = {isa = PBXFileReference; includeInIndex = 1; lastKnownFileType = text.xcconfig; name = "Pods-Weather.debug.xcconfig"; path = "Target Support Files/Pods-Weather/Pods-Weather.debug.xcconfig"; sourceTree = "<group>"; };
		FDA839AE3410104D082C9ED9 /* Pods_Weather.framework */ = {isa = PBXFileReference; explicitFileType = wrapper.framework; includeInIndex = 0; path = Pods_Weather.framework; sourceTree = BUILT_PRODUCTS_DIR; };
/* End PBXFileReference section */

/* Begin PBXFrameworksBuildPhase section */
		02A07E56288BFF3200B955A6 /* Frameworks */ = {
			isa = PBXFrameworksBuildPhase;
			buildActionMask = 2147483647;
			files = (
				1CE91C61CF1957A87F78A51B /* Pods_Weather.framework in Frameworks */,
				02A17535288C42A2008F849B /* BottomSheet in Frameworks */,
			);
			runOnlyForDeploymentPostprocessing = 0;
		};
/* End PBXFrameworksBuildPhase section */

/* Begin PBXGroup section */
		02A07E50288BFF3200B955A6 = {
			isa = PBXGroup;
			children = (
				02A07E5B288BFF3200B955A6 /* Weather */,
				02A07E5A288BFF3200B955A6 /* Products */,
				3630EACC1753D181D9F745A0 /* Pods */,
				DFC166DF5F4E814E36246132 /* Frameworks */,
			);
			sourceTree = "<group>";
		};
		02A07E5A288BFF3200B955A6 /* Products */ = {
			isa = PBXGroup;
			children = (
				02A07E59288BFF3200B955A6 /* Weather.app */,
			);
			name = Products;
			sourceTree = "<group>";
		};
		02A07E5B288BFF3200B955A6 /* Weather */ = {
			isa = PBXGroup;
			children = (
				02A07E5C288BFF3200B955A6 /* WeatherApp.swift */,
				02A07E6A288C004B00B955A6 /* Views */,
				02A07E6B288C005600B955A6 /* Models */,
				02A07E6C288C005F00B955A6 /* Utils */,
				02A07E60288BFF3300B955A6 /* Assets.xcassets */,
				02A07E62288BFF3300B955A6 /* Preview Content */,
			);
			path = Weather;
			sourceTree = "<group>";
		};
		02A07E62288BFF3300B955A6 /* Preview Content */ = {
			isa = PBXGroup;
			children = (
				02A07E63288BFF3300B955A6 /* Preview Assets.xcassets */,
			);
			path = "Preview Content";
			sourceTree = "<group>";
		};
		02A07E6A288C004B00B955A6 /* Views */ = {
			isa = PBXGroup;
			children = (
				02A07E6D288C007F00B955A6 /* Main */,
				02A07E6E288C008800B955A6 /* Navigation */,
				02A07E6F288C008F00B955A6 /* Detail */,
				02A07E70288C009900B955A6 /* Components */,
			);
			path = Views;
			sourceTree = "<group>";
		};
		02A07E6B288C005600B955A6 /* Models */ = {
			isa = PBXGroup;
			children = (
			);
			path = Models;
			sourceTree = "<group>";
		};
		02A07E6C288C005F00B955A6 /* Utils */ = {
			isa = PBXGroup;
			children = (
				02A07E71288C013A00B955A6 /* Extentions.swift */,
				02A17531288C2556008F849B /* Shapes.swift */,
			);
			path = Utils;
			sourceTree = "<group>";
		};
		02A07E6D288C007F00B955A6 /* Main */ = {
			isa = PBXGroup;
			children = (
				02A07E5E288BFF3200B955A6 /* ContentView.swift */,
				02A07E73288C061E00B955A6 /* HomeView.swift */,
			);
			path = Main;
			sourceTree = "<group>";
		};
		02A07E6E288C008800B955A6 /* Navigation */ = {
			isa = PBXGroup;
			children = (
				02A1752F288C20B5008F849B /* TabBar.swift */,
			);
			path = Navigation;
			sourceTree = "<group>";
		};
		02A07E6F288C008F00B955A6 /* Detail */ = {
			isa = PBXGroup;
			children = (
				02A17536288C45C5008F849B /* ForecastView.swift */,
			);
			path = Detail;
			sourceTree = "<group>";
		};
		02A07E70288C009900B955A6 /* Components */ = {
			isa = PBXGroup;
			children = (
				02A17538288C519E008F849B /* Blur.swift */,
				028B223D288E97FA009E708F /* SegmentedControll.swift */,
			);
			path = Components;
			sourceTree = "<group>";
		};
		3630EACC1753D181D9F745A0 /* Pods */ = {
			isa = PBXGroup;
			children = (
				F922645473D80CEA2AF65A85 /* Pods-Weather.debug.xcconfig */,
				48E7CF4981D39B4EC07BA714 /* Pods-Weather.release.xcconfig */,
			);
			path = Pods;
			sourceTree = "<group>";
		};
		DFC166DF5F4E814E36246132 /* Frameworks */ = {
			isa = PBXGroup;
			children = (
				FDA839AE3410104D082C9ED9 /* Pods_Weather.framework */,
			);
			name = Frameworks;
			sourceTree = "<group>";
		};
/* End PBXGroup section */

/* Begin PBXNativeTarget section */
		02A07E58288BFF3200B955A6 /* Weather */ = {
			isa = PBXNativeTarget;
			buildConfigurationList = 02A07E67288BFF3300B955A6 /* Build configuration list for PBXNativeTarget "Weather" */;
			buildPhases = (
				02A1752E288C0CAD008F849B /* ShellScript */,
				960F5713FED23782B0E1629A /* [CP] Check Pods Manifest.lock */,
				02A07E55288BFF3200B955A6 /* Sources */,
				02A07E56288BFF3200B955A6 /* Frameworks */,
				02A07E57288BFF3200B955A6 /* Resources */,
			);
			buildRules = (
			);
			dependencies = (
			);
			name = Weather;
			packageProductDependencies = (
				02A17534288C42A2008F849B /* BottomSheet */,
			);
			productName = Weather;
			productReference = 02A07E59288BFF3200B955A6 /* Weather.app */;
			productType = "com.apple.product-type.application";
		};
/* End PBXNativeTarget section */

/* Begin PBXProject section */
		02A07E51288BFF3200B955A6 /* Project object */ = {
			isa = PBXProject;
			attributes = {
				BuildIndependentTargetsInParallel = 1;
				LastSwiftUpdateCheck = 1340;
				LastUpgradeCheck = 1340;
				TargetAttributes = {
					02A07E58288BFF3200B955A6 = {
						CreatedOnToolsVersion = 13.4.1;
					};
				};
			};
			buildConfigurationList = 02A07E54288BFF3200B955A6 /* Build configuration list for PBXProject "Weather" */;
			compatibilityVersion = "Xcode 13.0";
			developmentRegion = en;
			hasScannedForEncodings = 0;
			knownRegions = (
				en,
				Base,
			);
			mainGroup = 02A07E50288BFF3200B955A6;
			packageReferences = (
				02A17533288C42A2008F849B /* XCRemoteSwiftPackageReference "BottomSheet" */,
			);
			productRefGroup = 02A07E5A288BFF3200B955A6 /* Products */;
			projectDirPath = "";
			projectRoot = "";
			targets = (
				02A07E58288BFF3200B955A6 /* Weather */,
			);
		};
/* End PBXProject section */

/* Begin PBXResourcesBuildPhase section */
		02A07E57288BFF3200B955A6 /* Resources */ = {
			isa = PBXResourcesBuildPhase;
			buildActionMask = 2147483647;
			files = (
				02A07E64288BFF3300B955A6 /* Preview Assets.xcassets in Resources */,
				02A07E61288BFF3300B955A6 /* Assets.xcassets in Resources */,
			);
			runOnlyForDeploymentPostprocessing = 0;
		};
/* End PBXResourcesBuildPhase section */

/* Begin PBXShellScriptBuildPhase section */
		02A1752E288C0CAD008F849B /* ShellScript */ = {
			isa = PBXShellScriptBuildPhase;
			buildActionMask = 2147483647;
			files = (
			);
			inputFileListPaths = (
			);
			inputPaths = (
			);
			outputFileListPaths = (
			);
			outputPaths = (
			);
			runOnlyForDeploymentPostprocessing = 0;
			shellPath = /bin/sh;
			shellScript = "# Type a script or drag a script file from your workspace to insert its path.\n${PODS_ROOT}/SwiftLint/swiftlint\n";
		};
		960F5713FED23782B0E1629A /* [CP] Check Pods Manifest.lock */ = {
			isa = PBXShellScriptBuildPhase;
			buildActionMask = 2147483647;
			files = (
			);
			inputFileListPaths = (
			);
			inputPaths = (
				"${PODS_PODFILE_DIR_PATH}/Podfile.lock",
				"${PODS_ROOT}/Manifest.lock",
			);
			name = "[CP] Check Pods Manifest.lock";
			outputFileListPaths = (
			);
			outputPaths = (
				"$(DERIVED_FILE_DIR)/Pods-Weather-checkManifestLockResult.txt",
			);
			runOnlyForDeploymentPostprocessing = 0;
			shellPath = /bin/sh;
			shellScript = "diff \"${PODS_PODFILE_DIR_PATH}/Podfile.lock\" \"${PODS_ROOT}/Manifest.lock\" > /dev/null\nif [ $? != 0 ] ; then\n    # print error to STDERR\n    echo \"error: The sandbox is not in sync with the Podfile.lock. Run 'pod install' or update your CocoaPods installation.\" >&2\n    exit 1\nfi\n# This output is used by Xcode 'outputs' to avoid re-running this script phase.\necho \"SUCCESS\" > \"${SCRIPT_OUTPUT_FILE_0}\"\n";
			showEnvVarsInLog = 0;
		};
/* End PBXShellScriptBuildPhase section */

/* Begin PBXSourcesBuildPhase section */
		02A07E55288BFF3200B955A6 /* Sources */ = {
			isa = PBXSourcesBuildPhase;
			buildActionMask = 2147483647;
			files = (
				02A07E5F288BFF3200B955A6 /* ContentView.swift in Sources */,
				02A07E74288C061E00B955A6 /* HomeView.swift in Sources */,
				02A17539288C519E008F849B /* Blur.swift in Sources */,
				02A07E5D288BFF3200B955A6 /* WeatherApp.swift in Sources */,
				02A07E72288C013A00B955A6 /* Extentions.swift in Sources */,
				02A17537288C45C5008F849B /* ForecastView.swift in Sources */,
				02A17530288C20B5008F849B /* TabBar.swift in Sources */,
				028B223E288E97FA009E708F /* SegmentedControll.swift in Sources */,
				02A17532288C2556008F849B /* Shapes.swift in Sources */,
			);
			runOnlyForDeploymentPostprocessing = 0;
		};
/* End PBXSourcesBuildPhase section */

/* Begin XCBuildConfiguration section */
		02A07E65288BFF3300B955A6 /* Debug */ = {
			isa = XCBuildConfiguration;
			buildSettings = {
				ALWAYS_SEARCH_USER_PATHS = NO;
				CLANG_ANALYZER_NONNULL = YES;
				CLANG_ANALYZER_NUMBER_OBJECT_CONVERSION = YES_AGGRESSIVE;
				CLANG_CXX_LANGUAGE_STANDARD = "gnu++17";
				CLANG_ENABLE_MODULES = YES;
				CLANG_ENABLE_OBJC_ARC = YES;
				CLANG_ENABLE_OBJC_WEAK = YES;
				CLANG_WARN_BLOCK_CAPTURE_AUTORELEASING = YES;
				CLANG_WARN_BOOL_CONVERSION = YES;
				CLANG_WARN_COMMA = YES;
				CLANG_WARN_CONSTANT_CONVERSION = YES;
				CLANG_WARN_DEPRECATED_OBJC_IMPLEMENTATIONS = YES;
				CLANG_WARN_DIRECT_OBJC_ISA_USAGE = YES_ERROR;
				CLANG_WARN_DOCUMENTATION_COMMENTS = YES;
				CLANG_WARN_EMPTY_BODY = YES;
				CLANG_WARN_ENUM_CONVERSION = YES;
				CLANG_WARN_INFINITE_RECURSION = YES;
				CLANG_WARN_INT_CONVERSION = YES;
				CLANG_WARN_NON_LITERAL_NULL_CONVERSION = YES;
				CLANG_WARN_OBJC_IMPLICIT_RETAIN_SELF = YES;
				CLANG_WARN_OBJC_LITERAL_CONVERSION = YES;
				CLANG_WARN_OBJC_ROOT_CLASS = YES_ERROR;
				CLANG_WARN_QUOTED_INCLUDE_IN_FRAMEWORK_HEADER = YES;
				CLANG_WARN_RANGE_LOOP_ANALYSIS = YES;
				CLANG_WARN_STRICT_PROTOTYPES = YES;
				CLANG_WARN_SUSPICIOUS_MOVE = YES;
				CLANG_WARN_UNGUARDED_AVAILABILITY = YES_AGGRESSIVE;
				CLANG_WARN_UNREACHABLE_CODE = YES;
				CLANG_WARN__DUPLICATE_METHOD_MATCH = YES;
				COPY_PHASE_STRIP = NO;
				DEBUG_INFORMATION_FORMAT = dwarf;
				ENABLE_STRICT_OBJC_MSGSEND = YES;
				ENABLE_TESTABILITY = YES;
				GCC_C_LANGUAGE_STANDARD = gnu11;
				GCC_DYNAMIC_NO_PIC = NO;
				GCC_NO_COMMON_BLOCKS = YES;
				GCC_OPTIMIZATION_LEVEL = 0;
				GCC_PREPROCESSOR_DEFINITIONS = (
					"DEBUG=1",
					"$(inherited)",
				);
				GCC_WARN_64_TO_32_BIT_CONVERSION = YES;
				GCC_WARN_ABOUT_RETURN_TYPE = YES_ERROR;
				GCC_WARN_UNDECLARED_SELECTOR = YES;
				GCC_WARN_UNINITIALIZED_AUTOS = YES_AGGRESSIVE;
				GCC_WARN_UNUSED_FUNCTION = YES;
				GCC_WARN_UNUSED_VARIABLE = YES;
				IPHONEOS_DEPLOYMENT_TARGET = 15.5;
				MTL_ENABLE_DEBUG_INFO = INCLUDE_SOURCE;
				MTL_FAST_MATH = YES;
				ONLY_ACTIVE_ARCH = YES;
				SDKROOT = iphoneos;
				SWIFT_ACTIVE_COMPILATION_CONDITIONS = DEBUG;
				SWIFT_OPTIMIZATION_LEVEL = "-Onone";
			};
			name = Debug;
		};
		02A07E66288BFF3300B955A6 /* Release */ = {
			isa = XCBuildConfiguration;
			buildSettings = {
				ALWAYS_SEARCH_USER_PATHS = NO;
				CLANG_ANALYZER_NONNULL = YES;
				CLANG_ANALYZER_NUMBER_OBJECT_CONVERSION = YES_AGGRESSIVE;
				CLANG_CXX_LANGUAGE_STANDARD = "gnu++17";
				CLANG_ENABLE_MODULES = YES;
				CLANG_ENABLE_OBJC_ARC = YES;
				CLANG_ENABLE_OBJC_WEAK = YES;
				CLANG_WARN_BLOCK_CAPTURE_AUTORELEASING = YES;
				CLANG_WARN_BOOL_CONVERSION = YES;
				CLANG_WARN_COMMA = YES;
				CLANG_WARN_CONSTANT_CONVERSION = YES;
				CLANG_WARN_DEPRECATED_OBJC_IMPLEMENTATIONS = YES;
				CLANG_WARN_DIRECT_OBJC_ISA_USAGE = YES_ERROR;
				CLANG_WARN_DOCUMENTATION_COMMENTS = YES;
				CLANG_WARN_EMPTY_BODY = YES;
				CLANG_WARN_ENUM_CONVERSION = YES;
				CLANG_WARN_INFINITE_RECURSION = YES;
				CLANG_WARN_INT_CONVERSION = YES;
				CLANG_WARN_NON_LITERAL_NULL_CONVERSION = YES;
				CLANG_WARN_OBJC_IMPLICIT_RETAIN_SELF = YES;
				CLANG_WARN_OBJC_LITERAL_CONVERSION = YES;
				CLANG_WARN_OBJC_ROOT_CLASS = YES_ERROR;
				CLANG_WARN_QUOTED_INCLUDE_IN_FRAMEWORK_HEADER = YES;
				CLANG_WARN_RANGE_LOOP_ANALYSIS = YES;
				CLANG_WARN_STRICT_PROTOTYPES = YES;
				CLANG_WARN_SUSPICIOUS_MOVE = YES;
				CLANG_WARN_UNGUARDED_AVAILABILITY = YES_AGGRESSIVE;
				CLANG_WARN_UNREACHABLE_CODE = YES;
				CLANG_WARN__DUPLICATE_METHOD_MATCH = YES;
				COPY_PHASE_STRIP = NO;
				DEBUG_INFORMATION_FORMAT = "dwarf-with-dsym";
				ENABLE_NS_ASSERTIONS = NO;
				ENABLE_STRICT_OBJC_MSGSEND = YES;
				GCC_C_LANGUAGE_STANDARD = gnu11;
				GCC_NO_COMMON_BLOCKS = YES;
				GCC_WARN_64_TO_32_BIT_CONVERSION = YES;
				GCC_WARN_ABOUT_RETURN_TYPE = YES_ERROR;
				GCC_WARN_UNDECLARED_SELECTOR = YES;
				GCC_WARN_UNINITIALIZED_AUTOS = YES_AGGRESSIVE;
				GCC_WARN_UNUSED_FUNCTION = YES;
				GCC_WARN_UNUSED_VARIABLE = YES;
				IPHONEOS_DEPLOYMENT_TARGET = 15.5;
				MTL_ENABLE_DEBUG_INFO = NO;
				MTL_FAST_MATH = YES;
				SDKROOT = iphoneos;
				SWIFT_COMPILATION_MODE = wholemodule;
				SWIFT_OPTIMIZATION_LEVEL = "-O";
				VALIDATE_PRODUCT = YES;
			};
			name = Release;
		};
		02A07E68288BFF3300B955A6 /* Debug */ = {
			isa = XCBuildConfiguration;
			baseConfigurationReference = F922645473D80CEA2AF65A85 /* Pods-Weather.debug.xcconfig */;
			buildSettings = {
				ASSETCATALOG_COMPILER_APPICON_NAME = AppIcon;
				ASSETCATALOG_COMPILER_GLOBAL_ACCENT_COLOR_NAME = AccentColor;
				CODE_SIGN_STYLE = Automatic;
				CURRENT_PROJECT_VERSION = 1;
				DEVELOPMENT_ASSET_PATHS = "\"Weather/Preview Content\"";
				DEVELOPMENT_TEAM = R82749YG66;
				ENABLE_PREVIEWS = YES;
				GENERATE_INFOPLIST_FILE = YES;
				INFOPLIST_KEY_UIApplicationSceneManifest_Generation = YES;
				INFOPLIST_KEY_UIApplicationSupportsIndirectInputEvents = YES;
				INFOPLIST_KEY_UILaunchScreen_Generation = YES;
				INFOPLIST_KEY_UISupportedInterfaceOrientations_iPad = "UIInterfaceOrientationPortrait UIInterfaceOrientationPortraitUpsideDown UIInterfaceOrientationLandscapeLeft UIInterfaceOrientationLandscapeRight";
				INFOPLIST_KEY_UISupportedInterfaceOrientations_iPhone = "UIInterfaceOrientationPortrait UIInterfaceOrientationLandscapeLeft UIInterfaceOrientationLandscapeRight";
				LD_RUNPATH_SEARCH_PATHS = (
					"$(inherited)",
					"@executable_path/Frameworks",
				);
				MARKETING_VERSION = 1.0;
				PRODUCT_BUNDLE_IDENTIFIER = sibe57.Weather;
				PRODUCT_NAME = "$(TARGET_NAME)";
				SWIFT_EMIT_LOC_STRINGS = YES;
				SWIFT_VERSION = 5.0;
				TARGETED_DEVICE_FAMILY = "1,2";
			};
			name = Debug;
		};
		02A07E69288BFF3300B955A6 /* Release */ = {
			isa = XCBuildConfiguration;
			baseConfigurationReference = 48E7CF4981D39B4EC07BA714 /* Pods-Weather.release.xcconfig */;
			buildSettings = {
				ASSETCATALOG_COMPILER_APPICON_NAME = AppIcon;
				ASSETCATALOG_COMPILER_GLOBAL_ACCENT_COLOR_NAME = AccentColor;
				CODE_SIGN_STYLE = Automatic;
				CURRENT_PROJECT_VERSION = 1;
				DEVELOPMENT_ASSET_PATHS = "\"Weather/Preview Content\"";
				DEVELOPMENT_TEAM = R82749YG66;
				ENABLE_PREVIEWS = YES;
				GENERATE_INFOPLIST_FILE = YES;
				INFOPLIST_KEY_UIApplicationSceneManifest_Generation = YES;
				INFOPLIST_KEY_UIApplicationSupportsIndirectInputEvents = YES;
				INFOPLIST_KEY_UILaunchScreen_Generation = YES;
				INFOPLIST_KEY_UISupportedInterfaceOrientations_iPad = "UIInterfaceOrientationPortrait UIInterfaceOrientationPortraitUpsideDown UIInterfaceOrientationLandscapeLeft UIInterfaceOrientationLandscapeRight";
				INFOPLIST_KEY_UISupportedInterfaceOrientations_iPhone = "UIInterfaceOrientationPortrait UIInterfaceOrientationLandscapeLeft UIInterfaceOrientationLandscapeRight";
				LD_RUNPATH_SEARCH_PATHS = (
					"$(inherited)",
					"@executable_path/Frameworks",
				);
				MARKETING_VERSION = 1.0;
				PRODUCT_BUNDLE_IDENTIFIER = sibe57.Weather;
				PRODUCT_NAME = "$(TARGET_NAME)";
				SWIFT_EMIT_LOC_STRINGS = YES;
				SWIFT_VERSION = 5.0;
				TARGETED_DEVICE_FAMILY = "1,2";
			};
			name = Release;
		};
/* End XCBuildConfiguration section */

/* Begin XCConfigurationList section */
		02A07E54288BFF3200B955A6 /* Build configuration list for PBXProject "Weather" */ = {
			isa = XCConfigurationList;
			buildConfigurations = (
				02A07E65288BFF3300B955A6 /* Debug */,
				02A07E66288BFF3300B955A6 /* Release */,
			);
			defaultConfigurationIsVisible = 0;
			defaultConfigurationName = Release;
		};
		02A07E67288BFF3300B955A6 /* Build configuration list for PBXNativeTarget "Weather" */ = {
			isa = XCConfigurationList;
			buildConfigurations = (
				02A07E68288BFF3300B955A6 /* Debug */,
				02A07E69288BFF3300B955A6 /* Release */,
			);
			defaultConfigurationIsVisible = 0;
			defaultConfigurationName = Release;
		};
/* End XCConfigurationList section */

/* Begin XCRemoteSwiftPackageReference section */
		02A17533288C42A2008F849B /* XCRemoteSwiftPackageReference "BottomSheet" */ = {
			isa = XCRemoteSwiftPackageReference;
			repositoryURL = "https://github.com/Wouter125/BottomSheet";
			requirement = {
				branch = main;
				kind = branch;
			};
		};
/* End XCRemoteSwiftPackageReference section */

/* Begin XCSwiftPackageProductDependency section */
		02A17534288C42A2008F849B /* BottomSheet */ = {
			isa = XCSwiftPackageProductDependency;
			package = 02A17533288C42A2008F849B /* XCRemoteSwiftPackageReference "BottomSheet" */;
			productName = BottomSheet;
		};
/* End XCSwiftPackageProductDependency section */
	};
	rootObject = 02A07E51288BFF3200B955A6 /* Project object */;
}
